
Microsoft Visual Studio Solution File, Format Version 12.00
# Visual Studio Version 16
VisualStudioVersion = 16.0.31105.61
MinimumVisualStudioVersion = 10.0.40219.1
Project("{9A19103F-16F7-4668-BE54-9A1E7A4F7556}") = "Entities", "Entities\Entities.csproj", "{2976E052-D41E-4A09-8813-16FC6158BE7A}"
EndProject
Project("{9A19103F-16F7-4668-BE54-9A1E7A4F7556}") = "DataAccess", "DataAccess\DataAccess.csproj", "{E595D263-5444-418F-B15D-10E4B4FECF79}"
EndProject
Project("{9A19103F-16F7-4668-BE54-9A1E7A4F7556}") = "Business", "Business\Business.csproj", "{0CDD5303-7E2C-4BA9-92EA-0362D7D36FB8}"
EndProject
Project("{9A19103F-16F7-4668-BE54-9A1E7A4F7556}") = "ConsoleUI", "Console\ConsoleUI.csproj", "{534E67BD-129E-4876-9CD9-58E314AED506}"
EndProject
Project("{9A19103F-16F7-4668-BE54-9A1E7A4F7556}") = "WebAPI", "WebAPI\WebAPI.csproj", "{DFF07ADE-F8EF-458F-B4ED-607ECB7061BF}"
EndProject
Project("{9A19103F-16F7-4668-BE54-9A1E7A4F7556}") = "Core", "Core\Core.csproj", "{910F4513-CE2C-4179-99E4-665AD4F42F79}"
EndProject
Global
	GlobalSection(SolutionConfigurationPlatforms) = preSolution
		Debug|Any CPU = Debug|Any CPU
		Release|Any CPU = Release|Any CPU
	EndGlobalSection
	GlobalSection(ProjectConfigurationPlatforms) = postSolution
		{2976E052-D41E-4A09-8813-16FC6158BE7A}.Debug|Any CPU.ActiveCfg = Debug|Any CPU
		{2976E052-D41E-4A09-8813-16FC6158BE7A}.Debug|Any CPU.Build.0 = Debug|Any CPU
		{2976E052-D41E-4A09-8813-16FC6158BE7A}.Release|Any CPU.ActiveCfg = Release|Any CPU
		{2976E052-D41E-4A09-8813-16FC6158BE7A}.Release|Any CPU.Build.0 = Release|Any CPU
		{E595D263-5444-418F-B15D-10E4B4FECF79}.Debug|Any CPU.ActiveCfg = Debug|Any CPU
		{E595D263-5444-418F-B15D-10E4B4FECF79}.Debug|Any CPU.Build.0 = Debug|Any CPU
		{E595D263-5444-418F-B15D-10E4B4FECF79}.Release|Any CPU.ActiveCfg = Release|Any CPU
		{E595D263-5444-418F-B15D-10E4B4FECF79}.Release|Any CPU.Build.0 = Release|Any CPU
		{0CDD5303-7E2C-4BA9-92EA-0362D7D36FB8}.Debug|Any CPU.ActiveCfg = Debug|Any CPU
		{0CDD5303-7E2C-4BA9-92EA-0362D7D36FB8}.Debug|Any CPU.Build.0 = Debug|Any CPU
		{0CDD5303-7E2C-4BA9-92EA-0362D7D36FB8}.Release|Any CPU.ActiveCfg = Release|Any CPU
		{0CDD5303-7E2C-4BA9-92EA-0362D7D36FB8}.Release|Any CPU.Build.0 = Release|Any CPU
		{534E67BD-129E-4876-9CD9-58E314AED506}.Debug|Any CPU.ActiveCfg = Debug|Any CPU
		{534E67BD-129E-4876-9CD9-58E314AED506}.Debug|Any CPU.Build.0 = Debug|Any CPU
		{534E67BD-129E-4876-9CD9-58E314AED506}.Release|Any CPU.ActiveCfg = Release|Any CPU
		{534E67BD-129E-4876-9CD9-58E314AED506}.Release|Any CPU.Build.0 = Release|Any CPU
		{DFF07ADE-F8EF-458F-B4ED-607ECB7061BF}.Debug|Any CPU.ActiveCfg = Debug|Any CPU
		{DFF07ADE-F8EF-458F-B4ED-607ECB7061BF}.Debug|Any CPU.Build.0 = Debug|Any CPU
		{DFF07ADE-F8EF-458F-B4ED-607ECB7061BF}.Release|Any CPU.ActiveCfg = Release|Any CPU
		{DFF07ADE-F8EF-458F-B4ED-607ECB7061BF}.Release|Any CPU.Build.0 = Release|Any CPU
		{910F4513-CE2C-4179-99E4-665AD4F42F79}.Debug|Any CPU.ActiveCfg = Debug|Any CPU
		{910F4513-CE2C-4179-99E4-665AD4F42F79}.Debug|Any CPU.Build.0 = Debug|Any CPU
		{910F4513-CE2C-4179-99E4-665AD4F42F79}.Release|Any CPU.ActiveCfg = Release|Any CPU
		{910F4513-CE2C-4179-99E4-665AD4F42F79}.Release|Any CPU.Build.0 = Release|Any CPU
	EndGlobalSection
	GlobalSection(SolutionProperties) = preSolution
		HideSolutionNode = FALSE
	EndGlobalSection
	GlobalSection(ExtensibilityGlobals) = postSolution
		SolutionGuid = {D9C8F193-6920-42A5-A1F0-9A2AE2D3BFE8}
	EndGlobalSection
EndGlobal
